
Microsoft Visual Studio Solution File, Format Version 12.00
# Visual Studio 15
VisualStudioVersion = 15.0.27703.2026
MinimumVisualStudioVersion = 10.0.40219.1
Project("{8BC9CEB8-8B4A-11D0-8D11-00A0C91BC942}") = "00_WindowApi", "WindowApi\WindowApi.vcxproj", "{8CCE5BE0-05EC-4011-94CD-948F730BEFA1}"
EndProject
Project("{8BC9CEB8-8B4A-11D0-8D11-00A0C91BC942}") = "01_WindowClass", "WindowClass\WindowClass.vcxproj", "{DBE42AFB-F220-42D4-B82C-BCFDB6580FCD}"
EndProject
Project("{8BC9CEB8-8B4A-11D0-8D11-00A0C91BC942}") = "02_CenterWindow", "CenterWindow\CenterWindow.vcxproj", "{AFDECD2A-40FD-4121-8D9A-448E22BCE84F}"
EndProject
Project("{8BC9CEB8-8B4A-11D0-8D11-00A0C91BC942}") = "03_Timer", "Timer\Timer.vcxproj", "{D7E655D8-FC28-47B0-A7B2-6C82AC68691A}"
EndProject
Project("{8BC9CEB8-8B4A-11D0-8D11-00A0C91BC942}") = "04_Input", "Input\Input.vcxproj", "{BF41CFB1-3F31-475F-886B-EF0DABEAEB23}"
EndProject
Project("{8BC9CEB8-8B4A-11D0-8D11-00A0C91BC942}") = "05_Bitmap", "Bitmap\Bitmap.vcxproj", "{1DC90F01-959E-4525-8F8F-0F06DDE6644E}"
EndProject
Project("{8BC9CEB8-8B4A-11D0-8D11-00A0C91BC942}") = "08_NewBitmap", "NewBitmap\NewBitmap.vcxproj", "{3D620193-4D10-4996-AB5E-5B433BFE0780}"
EndProject
Project("{8BC9CEB8-8B4A-11D0-8D11-00A0C91BC942}") = "06_CoreLib", "CoreLib\CoreLib.vcxproj", "{C73330C2-4F75-488F-97E0-B8E49352D409}"
EndProject
Project("{8BC9CEB8-8B4A-11D0-8D11-00A0C91BC942}") = "07_TestLib", "TestLib\TestLib.vcxproj", "{AE932A90-D4E4-4BC1-8D65-CEA3368D9F54}"
EndProject
Project("{8BC9CEB8-8B4A-11D0-8D11-00A0C91BC942}") = "09_Object1", "Object1\Object1.vcxproj", "{B0F3F0C3-84DE-4E96-A686-3D5DC4AE0E77}"
	ProjectSection(ProjectDependencies) = postProject
		{C73330C2-4F75-488F-97E0-B8E49352D409} = {C73330C2-4F75-488F-97E0-B8E49352D409}
	EndProjectSection
EndProject
Project("{8BC9CEB8-8B4A-11D0-8D11-00A0C91BC942}") = "10_Scene", "Scene\Scene.vcxproj", "{8D5A2B1D-B737-4676-AC02-9378C678DCD8}"
EndProject
Project("{8BC9CEB8-8B4A-11D0-8D11-00A0C91BC942}") = "000_Rota", "Rota\Rota.vcxproj", "{1F3D4E26-95C5-4684-803E-6EB84169BA18}"
EndProject
Project("{8BC9CEB8-8B4A-11D0-8D11-00A0C91BC942}") = "11_mCore", "mCore\mCore.vcxproj", "{5DAE0B07-DBCE-42B7-BBA3-DD1929D17688}"
EndProject
Project("{8BC9CEB8-8B4A-11D0-8D11-00A0C91BC942}") = "mCoreTest", "mCoreTest\mCoreTest.vcxproj", "{F9D6F0C1-71C9-4B4A-A2A3-996D5AEB630F}"
EndProject
Global
	GlobalSection(SolutionConfigurationPlatforms) = preSolution
		Debug|x64 = Debug|x64
		Debug|x86 = Debug|x86
		Release|x64 = Release|x64
		Release|x86 = Release|x86
	EndGlobalSection
	GlobalSection(ProjectConfigurationPlatforms) = postSolution
		{8CCE5BE0-05EC-4011-94CD-948F730BEFA1}.Debug|x64.ActiveCfg = Debug|x64
		{8CCE5BE0-05EC-4011-94CD-948F730BEFA1}.Debug|x64.Build.0 = Debug|x64
		{8CCE5BE0-05EC-4011-94CD-948F730BEFA1}.Debug|x86.ActiveCfg = Debug|Win32
		{8CCE5BE0-05EC-4011-94CD-948F730BEFA1}.Debug|x86.Build.0 = Debug|Win32
		{8CCE5BE0-05EC-4011-94CD-948F730BEFA1}.Release|x64.ActiveCfg = Release|x64
		{8CCE5BE0-05EC-4011-94CD-948F730BEFA1}.Release|x64.Build.0 = Release|x64
		{8CCE5BE0-05EC-4011-94CD-948F730BEFA1}.Release|x86.ActiveCfg = Release|Win32
		{8CCE5BE0-05EC-4011-94CD-948F730BEFA1}.Release|x86.Build.0 = Release|Win32
		{DBE42AFB-F220-42D4-B82C-BCFDB6580FCD}.Debug|x64.ActiveCfg = Debug|x64
		{DBE42AFB-F220-42D4-B82C-BCFDB6580FCD}.Debug|x64.Build.0 = Debug|x64
		{DBE42AFB-F220-42D4-B82C-BCFDB6580FCD}.Debug|x86.ActiveCfg = Debug|Win32
		{DBE42AFB-F220-42D4-B82C-BCFDB6580FCD}.Debug|x86.Build.0 = Debug|Win32
		{DBE42AFB-F220-42D4-B82C-BCFDB6580FCD}.Release|x64.ActiveCfg = Release|x64
		{DBE42AFB-F220-42D4-B82C-BCFDB6580FCD}.Release|x64.Build.0 = Release|x64
		{DBE42AFB-F220-42D4-B82C-BCFDB6580FCD}.Release|x86.ActiveCfg = Release|Win32
		{DBE42AFB-F220-42D4-B82C-BCFDB6580FCD}.Release|x86.Build.0 = Release|Win32
		{AFDECD2A-40FD-4121-8D9A-448E22BCE84F}.Debug|x64.ActiveCfg = Debug|x64
		{AFDECD2A-40FD-4121-8D9A-448E22BCE84F}.Debug|x64.Build.0 = Debug|x64
		{AFDECD2A-40FD-4121-8D9A-448E22BCE84F}.Debug|x86.ActiveCfg = Debug|Win32
		{AFDECD2A-40FD-4121-8D9A-448E22BCE84F}.Debug|x86.Build.0 = Debug|Win32
		{AFDECD2A-40FD-4121-8D9A-448E22BCE84F}.Release|x64.ActiveCfg = Release|x64
		{AFDECD2A-40FD-4121-8D9A-448E22BCE84F}.Release|x64.Build.0 = Release|x64
		{AFDECD2A-40FD-4121-8D9A-448E22BCE84F}.Release|x86.ActiveCfg = Release|Win32
		{AFDECD2A-40FD-4121-8D9A-448E22BCE84F}.Release|x86.Build.0 = Release|Win32
		{D7E655D8-FC28-47B0-A7B2-6C82AC68691A}.Debug|x64.ActiveCfg = Debug|x64
		{D7E655D8-FC28-47B0-A7B2-6C82AC68691A}.Debug|x64.Build.0 = Debug|x64
		{D7E655D8-FC28-47B0-A7B2-6C82AC68691A}.Debug|x86.ActiveCfg = Debug|Win32
		{D7E655D8-FC28-47B0-A7B2-6C82AC68691A}.Debug|x86.Build.0 = Debug|Win32
		{D7E655D8-FC28-47B0-A7B2-6C82AC68691A}.Release|x64.ActiveCfg = Release|x64
		{D7E655D8-FC28-47B0-A7B2-6C82AC68691A}.Release|x64.Build.0 = Release|x64
		{D7E655D8-FC28-47B0-A7B2-6C82AC68691A}.Release|x86.ActiveCfg = Release|Win32
		{D7E655D8-FC28-47B0-A7B2-6C82AC68691A}.Release|x86.Build.0 = Release|Win32
		{BF41CFB1-3F31-475F-886B-EF0DABEAEB23}.Debug|x64.ActiveCfg = Debug|x64
		{BF41CFB1-3F31-475F-886B-EF0DABEAEB23}.Debug|x64.Build.0 = Debug|x64
		{BF41CFB1-3F31-475F-886B-EF0DABEAEB23}.Debug|x86.ActiveCfg = Debug|Win32
		{BF41CFB1-3F31-475F-886B-EF0DABEAEB23}.Debug|x86.Build.0 = Debug|Win32
		{BF41CFB1-3F31-475F-886B-EF0DABEAEB23}.Release|x64.ActiveCfg = Release|x64
		{BF41CFB1-3F31-475F-886B-EF0DABEAEB23}.Release|x64.Build.0 = Release|x64
		{BF41CFB1-3F31-475F-886B-EF0DABEAEB23}.Release|x86.ActiveCfg = Release|Win32
		{BF41CFB1-3F31-475F-886B-EF0DABEAEB23}.Release|x86.Build.0 = Release|Win32
		{1DC90F01-959E-4525-8F8F-0F06DDE6644E}.Debug|x64.ActiveCfg = Debug|x64
		{1DC90F01-959E-4525-8F8F-0F06DDE6644E}.Debug|x64.Build.0 = Debug|x64
		{1DC90F01-959E-4525-8F8F-0F06DDE6644E}.Debug|x86.ActiveCfg = Debug|Win32
		{1DC90F01-959E-4525-8F8F-0F06DDE6644E}.Debug|x86.Build.0 = Debug|Win32
		{1DC90F01-959E-4525-8F8F-0F06DDE6644E}.Release|x64.ActiveCfg = Release|x64
		{1DC90F01-959E-4525-8F8F-0F06DDE6644E}.Release|x64.Build.0 = Release|x64
		{1DC90F01-959E-4525-8F8F-0F06DDE6644E}.Release|x86.ActiveCfg = Release|Win32
		{1DC90F01-959E-4525-8F8F-0F06DDE6644E}.Release|x86.Build.0 = Release|Win32
		{3D620193-4D10-4996-AB5E-5B433BFE0780}.Debug|x64.ActiveCfg = Debug|x64
		{3D620193-4D10-4996-AB5E-5B433BFE0780}.Debug|x64.Build.0 = Debug|x64
		{3D620193-4D10-4996-AB5E-5B433BFE0780}.Debug|x86.ActiveCfg = Debug|Win32
		{3D620193-4D10-4996-AB5E-5B433BFE0780}.Debug|x86.Build.0 = Debug|Win32
		{3D620193-4D10-4996-AB5E-5B433BFE0780}.Release|x64.ActiveCfg = Release|x64
		{3D620193-4D10-4996-AB5E-5B433BFE0780}.Release|x64.Build.0 = Release|x64
		{3D620193-4D10-4996-AB5E-5B433BFE0780}.Release|x86.ActiveCfg = Release|Win32
		{3D620193-4D10-4996-AB5E-5B433BFE0780}.Release|x86.Build.0 = Release|Win32
		{C73330C2-4F75-488F-97E0-B8E49352D409}.Debug|x64.ActiveCfg = Debug|x64
		{C73330C2-4F75-488F-97E0-B8E49352D409}.Debug|x64.Build.0 = Debug|x64
		{C73330C2-4F75-488F-97E0-B8E49352D409}.Debug|x86.ActiveCfg = Debug|Win32
		{C73330C2-4F75-488F-97E0-B8E49352D409}.Debug|x86.Build.0 = Debug|Win32
		{C73330C2-4F75-488F-97E0-B8E49352D409}.Release|x64.ActiveCfg = Release|x64
		{C73330C2-4F75-488F-97E0-B8E49352D409}.Release|x64.Build.0 = Release|x64
		{C73330C2-4F75-488F-97E0-B8E49352D409}.Release|x86.ActiveCfg = Release|Win32
		{C73330C2-4F75-488F-97E0-B8E49352D409}.Release|x86.Build.0 = Release|Win32
		{AE932A90-D4E4-4BC1-8D65-CEA3368D9F54}.Debug|x64.ActiveCfg = Debug|x64
		{AE932A90-D4E4-4BC1-8D65-CEA3368D9F54}.Debug|x64.Build.0 = Debug|x64
		{AE932A90-D4E4-4BC1-8D65-CEA3368D9F54}.Debug|x86.ActiveCfg = Debug|Win32
		{AE932A90-D4E4-4BC1-8D65-CEA3368D9F54}.Debug|x86.Build.0 = Debug|Win32
		{AE932A90-D4E4-4BC1-8D65-CEA3368D9F54}.Release|x64.ActiveCfg = Release|x64
		{AE932A90-D4E4-4BC1-8D65-CEA3368D9F54}.Release|x64.Build.0 = Release|x64
		{AE932A90-D4E4-4BC1-8D65-CEA3368D9F54}.Release|x86.ActiveCfg = Release|Win32
		{AE932A90-D4E4-4BC1-8D65-CEA3368D9F54}.Release|x86.Build.0 = Release|Win32
		{B0F3F0C3-84DE-4E96-A686-3D5DC4AE0E77}.Debug|x64.ActiveCfg = Debug|x64
		{B0F3F0C3-84DE-4E96-A686-3D5DC4AE0E77}.Debug|x64.Build.0 = Debug|x64
		{B0F3F0C3-84DE-4E96-A686-3D5DC4AE0E77}.Debug|x86.ActiveCfg = Debug|Win32
		{B0F3F0C3-84DE-4E96-A686-3D5DC4AE0E77}.Debug|x86.Build.0 = Debug|Win32
		{B0F3F0C3-84DE-4E96-A686-3D5DC4AE0E77}.Release|x64.ActiveCfg = Release|x64
		{B0F3F0C3-84DE-4E96-A686-3D5DC4AE0E77}.Release|x64.Build.0 = Release|x64
		{B0F3F0C3-84DE-4E96-A686-3D5DC4AE0E77}.Release|x86.ActiveCfg = Release|Win32
		{B0F3F0C3-84DE-4E96-A686-3D5DC4AE0E77}.Release|x86.Build.0 = Release|Win32
		{8D5A2B1D-B737-4676-AC02-9378C678DCD8}.Debug|x64.ActiveCfg = Debug|x64
		{8D5A2B1D-B737-4676-AC02-9378C678DCD8}.Debug|x64.Build.0 = Debug|x64
		{8D5A2B1D-B737-4676-AC02-9378C678DCD8}.Debug|x86.ActiveCfg = Debug|Win32
		{8D5A2B1D-B737-4676-AC02-9378C678DCD8}.Debug|x86.Build.0 = Debug|Win32
		{8D5A2B1D-B737-4676-AC02-9378C678DCD8}.Release|x64.ActiveCfg = Release|x64
		{8D5A2B1D-B737-4676-AC02-9378C678DCD8}.Release|x64.Build.0 = Release|x64
		{8D5A2B1D-B737-4676-AC02-9378C678DCD8}.Release|x86.ActiveCfg = Release|Win32
		{8D5A2B1D-B737-4676-AC02-9378C678DCD8}.Release|x86.Build.0 = Release|Win32
		{1F3D4E26-95C5-4684-803E-6EB84169BA18}.Debug|x64.ActiveCfg = Debug|x64
		{1F3D4E26-95C5-4684-803E-6EB84169BA18}.Debug|x64.Build.0 = Debug|x64
		{1F3D4E26-95C5-4684-803E-6EB84169BA18}.Debug|x86.ActiveCfg = Debug|Win32
		{1F3D4E26-95C5-4684-803E-6EB84169BA18}.Debug|x86.Build.0 = Debug|Win32
		{1F3D4E26-95C5-4684-803E-6EB84169BA18}.Release|x64.ActiveCfg = Release|x64
		{1F3D4E26-95C5-4684-803E-6EB84169BA18}.Release|x64.Build.0 = Release|x64
		{1F3D4E26-95C5-4684-803E-6EB84169BA18}.Release|x86.ActiveCfg = Release|Win32
		{1F3D4E26-95C5-4684-803E-6EB84169BA18}.Release|x86.Build.0 = Release|Win32
		{5DAE0B07-DBCE-42B7-BBA3-DD1929D17688}.Debug|x64.ActiveCfg = Debug|x64
		{5DAE0B07-DBCE-42B7-BBA3-DD1929D17688}.Debug|x64.Build.0 = Debug|x64
		{5DAE0B07-DBCE-42B7-BBA3-DD1929D17688}.Debug|x86.ActiveCfg = Debug|Win32
		{5DAE0B07-DBCE-42B7-BBA3-DD1929D17688}.Debug|x86.Build.0 = Debug|Win32
		{5DAE0B07-DBCE-42B7-BBA3-DD1929D17688}.Release|x64.ActiveCfg = Release|x64
		{5DAE0B07-DBCE-42B7-BBA3-DD1929D17688}.Release|x64.Build.0 = Release|x64
		{5DAE0B07-DBCE-42B7-BBA3-DD1929D17688}.Release|x86.ActiveCfg = Release|Win32
		{5DAE0B07-DBCE-42B7-BBA3-DD1929D17688}.Release|x86.Build.0 = Release|Win32
		{F9D6F0C1-71C9-4B4A-A2A3-996D5AEB630F}.Debug|x64.ActiveCfg = Debug|x64
		{F9D6F0C1-71C9-4B4A-A2A3-996D5AEB630F}.Debug|x64.Build.0 = Debug|x64
		{F9D6F0C1-71C9-4B4A-A2A3-996D5AEB630F}.Debug|x86.ActiveCfg = Debug|Win32
		{F9D6F0C1-71C9-4B4A-A2A3-996D5AEB630F}.Debug|x86.Build.0 = Debug|Win32
		{F9D6F0C1-71C9-4B4A-A2A3-996D5AEB630F}.Release|x64.ActiveCfg = Release|x64
		{F9D6F0C1-71C9-4B4A-A2A3-996D5AEB630F}.Release|x64.Build.0 = Release|x64
		{F9D6F0C1-71C9-4B4A-A2A3-996D5AEB630F}.Release|x86.ActiveCfg = Release|Win32
		{F9D6F0C1-71C9-4B4A-A2A3-996D5AEB630F}.Release|x86.Build.0 = Release|Win32
	EndGlobalSection
	GlobalSection(SolutionProperties) = preSolution
		HideSolutionNode = FALSE
	EndGlobalSection
	GlobalSection(ExtensibilityGlobals) = postSolution
		SolutionGuid = {FD16ED7D-A827-4377-8EBC-908DB613CEED}
	EndGlobalSection
EndGlobal
