<?xml version="1.0" encoding="utf-8"?>
<Project ToolsVersion="4.0" xmlns="http://schemas.microsoft.com/developer/msbuild/2003">
  <ItemGroup>
    <Filter Include="소스 파일">
      <UniqueIdentifier>{4FC737F1-C7A5-4376-A066-2A32D752A2FF}</UniqueIdentifier>
      <Extensions>cpp;c;cc;cxx;def;odl;idl;hpj;bat;asm;asmx</Extensions>
    </Filter>
    <Filter Include="헤더 파일">
      <UniqueIdentifier>{93995380-89BD-4b04-88EB-625FBE52EBFB}</UniqueIdentifier>
      <Extensions>h;hh;hpp;hxx;hm;inl;inc;ipp;xsd</Extensions>
    </Filter>
    <Filter Include="리소스 파일">
      <UniqueIdentifier>{67DA6AB6-F800-4c08-8B7A-83BB121AAD01}</UniqueIdentifier>
      <Extensions>rc;ico;cur;bmp;dlg;rc2;rct;bin;rgs;gif;jpg;jpeg;jpe;resx;tiff;tif;png;wav;mfcribbon-ms</Extensions>
    </Filter>
    <Filter Include="소스 파일\PlayerState">
      <UniqueIdentifier>{f4e5ca65-3881-4a3b-ad74-9d3e97ecb76e}</UniqueIdentifier>
    </Filter>
    <Filter Include="헤더 파일\PlayerState">
      <UniqueIdentifier>{2817b99b-44a0-4dc4-8d87-8290089c01af}</UniqueIdentifier>
    </Filter>
  </ItemGroup>
  <ItemGroup>
    <ClInclude Include="State.h">
      <Filter>헤더 파일</Filter>
    </ClInclude>
    <ClInclude Include="Sprite.h">
      <Filter>헤더 파일</Filter>
    </ClInclude>
    <ClInclude Include="SpriteMgr.h">
      <Filter>헤더 파일</Filter>
    </ClInclude>
    <ClInclude Include="PlayerState.h">
      <Filter>헤더 파일\PlayerState</Filter>
    </ClInclude>
    <ClInclude Include="Player.h">
      <Filter>헤더 파일</Filter>
    </ClInclude>
    <ClInclude Include="PlayerBrake.h">
      <Filter>헤더 파일\PlayerState</Filter>
    </ClInclude>
    <ClInclude Include="PlayerRun.h">
      <Filter>헤더 파일\PlayerState</Filter>
    </ClInclude>
    <ClInclude Include="PlayerTurn.h">
      <Filter>헤더 파일\PlayerState</Filter>
    </ClInclude>
    <ClInclude Include="EffectObj.h">
      <Filter>헤더 파일</Filter>
    </ClInclude>
    <ClInclude Include="KahoAttack1.h">
      <Filter>헤더 파일</Filter>
    </ClInclude>
  </ItemGroup>
  <ItemGroup>
    <ClCompile Include="State.cpp">
      <Filter>소스 파일</Filter>
    </ClCompile>
    <ClCompile Include="StateMain.cpp">
      <Filter>소스 파일</Filter>
    </ClCompile>
    <ClCompile Include="Sprite.cpp">
      <Filter>소스 파일</Filter>
    </ClCompile>
    <ClCompile Include="SpriteMgr.cpp">
      <Filter>소스 파일</Filter>
    </ClCompile>
    <ClCompile Include="PlayerState.cpp">
      <Filter>소스 파일\PlayerState</Filter>
    </ClCompile>
    <ClCompile Include="Player.cpp">
      <Filter>소스 파일</Filter>
    </ClCompile>
    <ClCompile Include="PlayerBrake.cpp">
      <Filter>소스 파일\PlayerState</Filter>
    </ClCompile>
    <ClCompile Include="PlayerRun.cpp">
      <Filter>소스 파일\PlayerState</Filter>
    </ClCompile>
    <ClCompile Include="PlayerTurn.cpp">
      <Filter>소스 파일\PlayerState</Filter>
    </ClCompile>
    <ClCompile Include="PlayerAttack.h">
      <Filter>헤더 파일\PlayerState</Filter>
    </ClCompile>
    <ClCompile Include="PlayerAttack.cpp">
      <Filter>소스 파일\PlayerState</Filter>
    </ClCompile>
    <ClCompile Include="EffectObj.cpp">
      <Filter>소스 파일</Filter>
    </ClCompile>
    <ClCompile Include="KahoAttack1.cpp">
      <Filter>소스 파일</Filter>
    </ClCompile>
    <ClCompile Include="StateHeader.h">
      <Filter>헤더 파일\PlayerState</Filter>
    </ClCompile>
  </ItemGroup>
</Project>